{
  "name": "tesseract-wasm",
  "version": "0.11.0",
  "lockfileVersion": 3,
  "requires": true,
  "packages": {
    "": {
      "name": "tesseract-wasm",
      "version": "0.11.0",
      "license": "BSD-2-Clause",
      "devDependencies": {
        "esbuild": "0.21.2",
        "prettier": "3.2.5",
        "sharp": "0.33.3",
        "typedoc": "0.25.13",
        "typescript": "5.4.5"
      }
    },
    "node_modules/@emnapi/runtime": {
      "version": "1.1.1",
      "resolved": "https://registry.npmjs.org/@emnapi/runtime/-/runtime-1.1.1.tgz",
      "integrity": "sha512-3bfqkzuR1KLx57nZfjr2NLnFOobvyS0aTszaEGCGqmYMVDRaGvgIZbjGSV/MHSSmLgQ/b9JFHQ5xm5WRZYd+XQ==",
      "dev": true,
      "optional": true,
      "dependencies": {
        "tslib": "^2.4.0"
      }
    },
    "node_modules/@esbuild/aix-ppc64": {
      "version": "0.21.2",
      "resolved": "https://registry.npmjs.org/@esbuild/aix-ppc64/-/aix-ppc64-0.21.2.tgz",
      "integrity": "sha512-/c7hocx0pm14bHQlqUVKmxwdT/e5/KkyoY1W8F9lk/8CkE037STDDz8PXUP/LE6faj2HqchvDs9GcShxFhI78Q==",
      "cpu": [
        "ppc64"
      ],
      "dev": true,
      "optional": true,
      "os": [
        "aix"
      ],
      "engines": {
        "node": ">=12"
      }
    },
    "node_modules/@esbuild/android-arm": {
      "version": "0.21.2",
      "resolved": "https://registry.npmjs.org/@esbuild/android-arm/-/android-arm-0.21.2.tgz",
      "integrity": "sha512-G1ve3b4FeyJeyCjB4MX1CiWyTaIJwT9wAYE+8+IRA53YoN/reC/Bf2GDRXAzDTnh69Fpl+1uIKg76DiB3U6vwQ==",
      "cpu": [
        "arm"
      ],
      "dev": true,
      "optional": true,
      "os": [
        "android"
      ],
      "engines": {
        "node": ">=12"
      }
    },
    "node_modules/@esbuild/android-arm64": {
      "version": "0.21.2",
      "resolved": "https://registry.npmjs.org/@esbuild/android-arm64/-/android-arm64-0.21.2.tgz",
      "integrity": "sha512-SGZKngoTWVUriO5bDjI4WDGsNx2VKZoXcds+ita/kVYB+8IkSCKDRDaK+5yu0b5S0eq6B3S7fpiEvpsa2ammlQ==",
      "cpu": [
        "arm64"
      ],
      "dev": true,
      "optional": true,
      "os": [
        "android"
      ],
      "engines": {
        "node": ">=12"
      }
    },
    "node_modules/@esbuild/android-x64": {
      "version": "0.21.2",
      "resolved": "https://registry.npmjs.org/@esbuild/android-x64/-/android-x64-0.21.2.tgz",
      "integrity": "sha512-1wzzNoj2QtNkAYwIcWJ66UTRA80+RTQ/kuPMtEuP0X6dp5Ar23Dn566q3aV61h4EYrrgGlOgl/HdcqN/2S/2vg==",
      "cpu": [
        "x64"
      ],
      "dev": true,
      "optional": true,
      "os": [
        "android"
      ],
      "engines": {
        "node": ">=12"
      }
    },
    "node_modules/@esbuild/darwin-arm64": {
      "version": "0.21.2",
      "resolved": "https://registry.npmjs.org/@esbuild/darwin-arm64/-/darwin-arm64-0.21.2.tgz",
      "integrity": "sha512-ZyMkPWc5eTROcLOA10lEqdDSTc6ds6nuh3DeHgKip/XJrYjZDfnkCVSty8svWdy+SC1f77ULtVeIqymTzaB6/Q==",
      "cpu": [
        "arm64"
      ],
      "dev": true,
      "optional": true,
      "os": [
        "darwin"
      ],
      "engines": {
        "node": ">=12"
      }
    },
    "node_modules/@esbuild/darwin-x64": {
      "version": "0.21.2",
      "resolved": "https://registry.npmjs.org/@esbuild/darwin-x64/-/darwin-x64-0.21.2.tgz",
      "integrity": "sha512-K4ZdVq1zP9v51h/cKVna7im7G0zGTKKB6bP2yJiSmHjjOykbd8DdhrSi8V978sF69rkwrn8zCyL2t6I3ei6j9A==",
      "cpu": [
        "x64"
      ],
      "dev": true,
      "optional": true,
      "os": [
        "darwin"
      ],
      "engines": {
        "node": ">=12"
      }
    },
    "node_modules/@esbuild/freebsd-arm64": {
      "version": "0.21.2",
      "resolved": "https://registry.npmjs.org/@esbuild/freebsd-arm64/-/freebsd-arm64-0.21.2.tgz",
      "integrity": "sha512-4kbOGdpA61CXqadD+Gb/Pw3YXamQGiz9mal/h93rFVSjr5cgMnmJd/gbfPRm+3BMifvnaOfS1gNWaIDxkE2A3A==",
      "cpu": [
        "arm64"
      ],
      "dev": true,
      "optional": true,
      "os": [
        "freebsd"
      ],
      "engines": {
        "node": ">=12"
      }
    },
    "node_modules/@esbuild/freebsd-x64": {
      "version": "0.21.2",
      "resolved": "https://registry.npmjs.org/@esbuild/freebsd-x64/-/freebsd-x64-0.21.2.tgz",
      "integrity": "sha512-ShS+R09nuHzDBfPeMUliKZX27Wrmr8UFp93aFf/S8p+++x5BZ+D344CLKXxmY6qzgTL3mILSImPCNJOzD6+RRg==",
      "cpu": [
        "x64"
      ],
      "dev": true,
      "optional": true,
      "os": [
        "freebsd"
      ],
      "engines": {
        "node": ">=12"
      }
    },
    "node_modules/@esbuild/linux-arm": {
      "version": "0.21.2",
      "resolved": "https://registry.npmjs.org/@esbuild/linux-arm/-/linux-arm-0.21.2.tgz",
      "integrity": "sha512-nnGXjOAv+7cM3LYRx4tJsYdgy8dGDGkAzF06oIDGppWbUkUKN9SmgQA8H0KukpU0Pjrj9XmgbWqMVSX/U7eeTA==",
      "cpu": [
        "arm"
      ],
      "dev": true,
      "optional": true,
      "os": [
        "linux"
      ],
      "engines": {
        "node": ">=12"
      }
    },
    "node_modules/@esbuild/linux-arm64": {
      "version": "0.21.2",
      "resolved": "https://registry.npmjs.org/@esbuild/linux-arm64/-/linux-arm64-0.21.2.tgz",
      "integrity": "sha512-Hdu8BL+AmO+eCDvvT6kz/fPQhvuHL8YK4ExKZfANWsNe1kFGOHw7VJvS/FKSLFqheXmB3rTF3xFQIgUWPYsGnA==",
      "cpu": [
        "arm64"
      ],
      "dev": true,
      "optional": true,
      "os": [
        "linux"
      ],
      "engines": {
        "node": ">=12"
      }
    },
    "node_modules/@esbuild/linux-ia32": {
      "version": "0.21.2",
      "resolved": "https://registry.npmjs.org/@esbuild/linux-ia32/-/linux-ia32-0.21.2.tgz",
      "integrity": "sha512-m73BOCW2V9lcj7RtEMi+gBfHC6n3+VHpwQXP5offtQMPLDkpVolYn1YGXxOZ9hp4h3UPRKuezL7WkBsw+3EB3Q==",
      "cpu": [
        "ia32"
      ],
      "dev": true,
      "optional": true,
      "os": [
        "linux"
      ],
      "engines": {
        "node": ">=12"
      }
    },
    "node_modules/@esbuild/linux-loong64": {
      "version": "0.21.2",
      "resolved": "https://registry.npmjs.org/@esbuild/linux-loong64/-/linux-loong64-0.21.2.tgz",
      "integrity": "sha512-84eYHwwWHq3myIY/6ikALMcnwkf6Qo7NIq++xH0x+cJuUNpdwh8mlpUtRY+JiGUc60yu7ElWBbVHGWTABTclGw==",
      "cpu": [
        "loong64"
      ],
      "dev": true,
      "optional": true,
      "os": [
        "linux"
      ],
      "engines": {
        "node": ">=12"
      }
    },
    "node_modules/@esbuild/linux-mips64el": {
      "version": "0.21.2",
      "resolved": "https://registry.npmjs.org/@esbuild/linux-mips64el/-/linux-mips64el-0.21.2.tgz",
      "integrity": "sha512-9siSZngT0/ZKG+AH+/agwKF29LdCxw4ODi/PiE0F52B2rtLozlDP92umf8G2GPoVV611LN4pZ+nSTckebOscUA==",
      "cpu": [
        "mips64el"
      ],
      "dev": true,
      "optional": true,
      "os": [
        "linux"
      ],
      "engines": {
        "node": ">=12"
      }
    },
    "node_modules/@esbuild/linux-ppc64": {
      "version": "0.21.2",
      "resolved": "https://registry.npmjs.org/@esbuild/linux-ppc64/-/linux-ppc64-0.21.2.tgz",
      "integrity": "sha512-y0T4aV2CA+ic04ULya1A/8M2RDpDSK2ckgTj6jzHKFJvCq0jQg8afQQIn4EM0G8u2neyOiNHgSF9YKPfuqKOVw==",
      "cpu": [
        "ppc64"
      ],
      "dev": true,
      "optional": true,
      "os": [
        "linux"
      ],
      "engines": {
        "node": ">=12"
      }
    },
    "node_modules/@esbuild/linux-riscv64": {
      "version": "0.21.2",
      "resolved": "https://registry.npmjs.org/@esbuild/linux-riscv64/-/linux-riscv64-0.21.2.tgz",
      "integrity": "sha512-x5ssCdXmZC86L2Li1qQPF/VaC4VP20u/Zm8jlAu9IiVOVi79YsSz6cpPDYZl1rfKSHYCJW9XBfFCo66S5gVPSA==",
      "cpu": [
        "riscv64"
      ],
      "dev": true,
      "optional": true,
      "os": [
        "linux"
      ],
      "engines": {
        "node": ">=12"
      }
    },
    "node_modules/@esbuild/linux-s390x": {
      "version": "0.21.2",
      "resolved": "https://registry.npmjs.org/@esbuild/linux-s390x/-/linux-s390x-0.21.2.tgz",
      "integrity": "sha512-NP7fTpGSFWdXyvp8iAFU04uFh9ARoplFVM/m+8lTRpaYG+2ytHPZWyscSsMM6cvObSIK2KoPHXiZD4l99WaxbQ==",
      "cpu": [
        "s390x"
      ],
      "dev": true,
      "optional": true,
      "os": [
        "linux"
      ],
      "engines": {
        "node": ">=12"
      }
    },
    "node_modules/@esbuild/linux-x64": {
      "version": "0.21.2",
      "resolved": "https://registry.npmjs.org/@esbuild/linux-x64/-/linux-x64-0.21.2.tgz",
      "integrity": "sha512-giZ/uOxWDKda44ZuyfKbykeXznfuVNkTgXOUOPJIjbayJV6FRpQ4zxUy9JMBPLaK9IJcdWtaoeQrYBMh3Rr4vQ==",
      "cpu": [
        "x64"
      ],
      "dev": true,
      "optional": true,
      "os": [
        "linux"
      ],
      "engines": {
        "node": ">=12"
      }
    },
    "node_modules/@esbuild/netbsd-x64": {
      "version": "0.21.2",
      "resolved": "https://registry.npmjs.org/@esbuild/netbsd-x64/-/netbsd-x64-0.21.2.tgz",
      "integrity": "sha512-IeFMfGFSQfIj1d4XU+6lkbFzMR+mFELUUVYrZ+jvWzG4NGvs6o53ReEHLHpYkjRbdEjJy2W3lTekTxrFHW7YJg==",
      "cpu": [
        "x64"
      ],
      "dev": true,
      "optional": true,
      "os": [
        "netbsd"
      ],
      "engines": {
        "node": ">=12"
      }
    },
    "node_modules/@esbuild/openbsd-x64": {
      "version": "0.21.2",
      "resolved": "https://registry.npmjs.org/@esbuild/openbsd-x64/-/openbsd-x64-0.21.2.tgz",
      "integrity": "sha512-48QhWD6WxcebNNaE4FCwgvQVUnAycuTd+BdvA/oZu+/MmbpU8pY2dMEYlYzj5uNHWIG5jvdDmFXu0naQeOWUoA==",
      "cpu": [
        "x64"
      ],
      "dev": true,
      "optional": true,
      "os": [
        "openbsd"
      ],
      "engines": {
        "node": ">=12"
      }
    },
    "node_modules/@esbuild/sunos-x64": {
      "version": "0.21.2",
      "resolved": "https://registry.npmjs.org/@esbuild/sunos-x64/-/sunos-x64-0.21.2.tgz",
      "integrity": "sha512-90r3nTBLgdIgD4FCVV9+cR6Hq2Dzs319icVsln+NTmTVwffWcCqXGml8rAoocHuJ85kZK36DCteii96ba/PX8g==",
      "cpu": [
        "x64"
      ],
      "dev": true,
      "optional": true,
      "os": [
        "sunos"
      ],
      "engines": {
        "node": ">=12"
      }
    },
    "node_modules/@esbuild/win32-arm64": {
      "version": "0.21.2",
      "resolved": "https://registry.npmjs.org/@esbuild/win32-arm64/-/win32-arm64-0.21.2.tgz",
      "integrity": "sha512-sNndlsBT8OeE/MZDSGpRDJlWuhjuUz/dn80nH0EP4ZzDUYvMDVa7G87DVpweBrn4xdJYyXS/y4CQNrf7R2ODXg==",
      "cpu": [
        "arm64"
      ],
      "dev": true,
      "optional": true,
      "os": [
        "win32"
      ],
      "engines": {
        "node": ">=12"
      }
    },
    "node_modules/@esbuild/win32-ia32": {
      "version": "0.21.2",
      "resolved": "https://registry.npmjs.org/@esbuild/win32-ia32/-/win32-ia32-0.21.2.tgz",
      "integrity": "sha512-Ti2QChGNFzWhUNNVuU4w21YkYTErsNh3h+CzvlEhzgRbwsJ7TrWQqRzW3bllLKKvTppuF3DJ3XP1GEg11AfrEQ==",
      "cpu": [
        "ia32"
      ],
      "dev": true,
      "optional": true,
      "os": [
        "win32"
      ],
      "engines": {
        "node": ">=12"
      }
    },
    "node_modules/@esbuild/win32-x64": {
      "version": "0.21.2",
      "resolved": "https://registry.npmjs.org/@esbuild/win32-x64/-/win32-x64-0.21.2.tgz",
      "integrity": "sha512-VEfTCZicoZnZ6sGkjFPGRFFJuL2fZn2bLhsekZl1CJslflp2cJS/VoKs1jMk+3pDfsGW6CfQVUckP707HwbXeQ==",
      "cpu": [
        "x64"
      ],
      "dev": true,
      "optional": true,
      "os": [
        "win32"
      ],
      "engines": {
        "node": ">=12"
      }
    },
    "node_modules/@img/sharp-darwin-arm64": {
      "version": "0.33.3",
      "resolved": "https://registry.npmjs.org/@img/sharp-darwin-arm64/-/sharp-darwin-arm64-0.33.3.tgz",
      "integrity": "sha512-FaNiGX1MrOuJ3hxuNzWgsT/mg5OHG/Izh59WW2mk1UwYHUwtfbhk5QNKYZgxf0pLOhx9ctGiGa2OykD71vOnSw==",
      "cpu": [
        "arm64"
      ],
      "dev": true,
      "optional": true,
      "os": [
        "darwin"
      ],
      "engines": {
        "glibc": ">=2.26",
        "node": "^18.17.0 || ^20.3.0 || >=21.0.0",
        "npm": ">=9.6.5",
        "pnpm": ">=7.1.0",
        "yarn": ">=3.2.0"
      },
      "funding": {
        "url": "https://opencollective.com/libvips"
      },
      "optionalDependencies": {
        "@img/sharp-libvips-darwin-arm64": "1.0.2"
      }
    },
    "node_modules/@img/sharp-darwin-x64": {
      "version": "0.33.3",
      "resolved": "https://registry.npmjs.org/@img/sharp-darwin-x64/-/sharp-darwin-x64-0.33.3.tgz",
      "integrity": "sha512-2QeSl7QDK9ru//YBT4sQkoq7L0EAJZA3rtV+v9p8xTKl4U1bUqTIaCnoC7Ctx2kCjQgwFXDasOtPTCT8eCTXvw==",
      "cpu": [
        "x64"
      ],
      "dev": true,
      "optional": true,
      "os": [
        "darwin"
      ],
      "engines": {
        "glibc": ">=2.26",
        "node": "^18.17.0 || ^20.3.0 || >=21.0.0",
        "npm": ">=9.6.5",
        "pnpm": ">=7.1.0",
        "yarn": ">=3.2.0"
      },
      "funding": {
        "url": "https://opencollective.com/libvips"
      },
      "optionalDependencies": {
        "@img/sharp-libvips-darwin-x64": "1.0.2"
      }
    },
    "node_modules/@img/sharp-libvips-darwin-arm64": {
      "version": "1.0.2",
      "resolved": "https://registry.npmjs.org/@img/sharp-libvips-darwin-arm64/-/sharp-libvips-darwin-arm64-1.0.2.tgz",
      "integrity": "sha512-tcK/41Rq8IKlSaKRCCAuuY3lDJjQnYIW1UXU1kxcEKrfL8WR7N6+rzNoOxoQRJWTAECuKwgAHnPvqXGN8XfkHA==",
      "cpu": [
        "arm64"
      ],
      "dev": true,
      "optional": true,
      "os": [
        "darwin"
      ],
      "engines": {
        "macos": ">=11",
        "npm": ">=9.6.5",
        "pnpm": ">=7.1.0",
        "yarn": ">=3.2.0"
      },
      "funding": {
        "url": "https://opencollective.com/libvips"
      }
    },
    "node_modules/@img/sharp-libvips-darwin-x64": {
      "version": "1.0.2",
      "resolved": "https://registry.npmjs.org/@img/sharp-libvips-darwin-x64/-/sharp-libvips-darwin-x64-1.0.2.tgz",
      "integrity": "sha512-Ofw+7oaWa0HiiMiKWqqaZbaYV3/UGL2wAPeLuJTx+9cXpCRdvQhCLG0IH8YGwM0yGWGLpsF4Su9vM1o6aer+Fw==",
      "cpu": [
        "x64"
      ],
      "dev": true,
      "optional": true,
      "os": [
        "darwin"
      ],
      "engines": {
        "macos": ">=10.13",
        "npm": ">=9.6.5",
        "pnpm": ">=7.1.0",
        "yarn": ">=3.2.0"
      },
      "funding": {
        "url": "https://opencollective.com/libvips"
      }
    },
    "node_modules/@img/sharp-libvips-linux-arm": {
      "version": "1.0.2",
      "resolved": "https://registry.npmjs.org/@img/sharp-libvips-linux-arm/-/sharp-libvips-linux-arm-1.0.2.tgz",
      "integrity": "sha512-iLWCvrKgeFoglQxdEwzu1eQV04o8YeYGFXtfWU26Zr2wWT3q3MTzC+QTCO3ZQfWd3doKHT4Pm2kRmLbupT+sZw==",
      "cpu": [
        "arm"
      ],
      "dev": true,
      "optional": true,
      "os": [
        "linux"
      ],
      "engines": {
        "glibc": ">=2.28",
        "npm": ">=9.6.5",
        "pnpm": ">=7.1.0",
        "yarn": ">=3.2.0"
      },
      "funding": {
        "url": "https://opencollective.com/libvips"
      }
    },
    "node_modules/@img/sharp-libvips-linux-arm64": {
      "version": "1.0.2",
      "resolved": "https://registry.npmjs.org/@img/sharp-libvips-linux-arm64/-/sharp-libvips-linux-arm64-1.0.2.tgz",
      "integrity": "sha512-x7kCt3N00ofFmmkkdshwj3vGPCnmiDh7Gwnd4nUwZln2YjqPxV1NlTyZOvoDWdKQVDL911487HOueBvrpflagw==",
      "cpu": [
        "arm64"
      ],
      "dev": true,
      "optional": true,
      "os": [
        "linux"
      ],
      "engines": {
        "glibc": ">=2.26",
        "npm": ">=9.6.5",
        "pnpm": ">=7.1.0",
        "yarn": ">=3.2.0"
      },
      "funding": {
        "url": "https://opencollective.com/libvips"
      }
    },
    "node_modules/@img/sharp-libvips-linux-s390x": {
      "version": "1.0.2",
      "resolved": "https://registry.npmjs.org/@img/sharp-libvips-linux-s390x/-/sharp-libvips-linux-s390x-1.0.2.tgz",
      "integrity": "sha512-cmhQ1J4qVhfmS6szYW7RT+gLJq9dH2i4maq+qyXayUSn9/3iY2ZeWpbAgSpSVbV2E1JUL2Gg7pwnYQ1h8rQIog==",
      "cpu": [
        "s390x"
      ],
      "dev": true,
      "optional": true,
      "os": [
        "linux"
      ],
      "engines": {
        "glibc": ">=2.28",
        "npm": ">=9.6.5",
        "pnpm": ">=7.1.0",
        "yarn": ">=3.2.0"
      },
      "funding": {
        "url": "https://opencollective.com/libvips"
      }
    },
    "node_modules/@img/sharp-libvips-linux-x64": {
      "version": "1.0.2",
      "resolved": "https://registry.npmjs.org/@img/sharp-libvips-linux-x64/-/sharp-libvips-linux-x64-1.0.2.tgz",
      "integrity": "sha512-E441q4Qdb+7yuyiADVi5J+44x8ctlrqn8XgkDTwr4qPJzWkaHwD489iZ4nGDgcuya4iMN3ULV6NwbhRZJ9Z7SQ==",
      "cpu": [
        "x64"
      ],
      "dev": true,
      "optional": true,
      "os": [
        "linux"
      ],
      "engines": {
        "glibc": ">=2.26",
        "npm": ">=9.6.5",
        "pnpm": ">=7.1.0",
        "yarn": ">=3.2.0"
      },
      "funding": {
        "url": "https://opencollective.com/libvips"
      }
    },
    "node_modules/@img/sharp-libvips-linuxmusl-arm64": {
      "version": "1.0.2",
      "resolved": "https://registry.npmjs.org/@img/sharp-libvips-linuxmusl-arm64/-/sharp-libvips-linuxmusl-arm64-1.0.2.tgz",
      "integrity": "sha512-3CAkndNpYUrlDqkCM5qhksfE+qSIREVpyoeHIU6jd48SJZViAmznoQQLAv4hVXF7xyUB9zf+G++e2v1ABjCbEQ==",
      "cpu": [
        "arm64"
      ],
      "dev": true,
      "optional": true,
      "os": [
        "linux"
      ],
      "engines": {
        "musl": ">=1.2.2",
        "npm": ">=9.6.5",
        "pnpm": ">=7.1.0",
        "yarn": ">=3.2.0"
      },
      "funding": {
        "url": "https://opencollective.com/libvips"
      }
    },
    "node_modules/@img/sharp-libvips-linuxmusl-x64": {
      "version": "1.0.2",
      "resolved": "https://registry.npmjs.org/@img/sharp-libvips-linuxmusl-x64/-/sharp-libvips-linuxmusl-x64-1.0.2.tgz",
      "integrity": "sha512-VI94Q6khIHqHWNOh6LLdm9s2Ry4zdjWJwH56WoiJU7NTeDwyApdZZ8c+SADC8OH98KWNQXnE01UdJ9CSfZvwZw==",
      "cpu": [
        "x64"
      ],
      "dev": true,
      "optional": true,
      "os": [
        "linux"
      ],
      "engines": {
        "musl": ">=1.2.2",
        "npm": ">=9.6.5",
        "pnpm": ">=7.1.0",
        "yarn": ">=3.2.0"
      },
      "funding": {
        "url": "https://opencollective.com/libvips"
      }
    },
    "node_modules/@img/sharp-linux-arm": {
      "version": "0.33.3",
      "resolved": "https://registry.npmjs.org/@img/sharp-linux-arm/-/sharp-linux-arm-0.33.3.tgz",
      "integrity": "sha512-Q7Ee3fFSC9P7vUSqVEF0zccJsZ8GiiCJYGWDdhEjdlOeS9/jdkyJ6sUSPj+bL8VuOYFSbofrW0t/86ceVhx32w==",
      "cpu": [
        "arm"
      ],
      "dev": true,
      "optional": true,
      "os": [
        "linux"
      ],
      "engines": {
        "glibc": ">=2.28",
        "node": "^18.17.0 || ^20.3.0 || >=21.0.0",
        "npm": ">=9.6.5",
        "pnpm": ">=7.1.0",
        "yarn": ">=3.2.0"
      },
      "funding": {
        "url": "https://opencollective.com/libvips"
      },
      "optionalDependencies": {
        "@img/sharp-libvips-linux-arm": "1.0.2"
      }
    },
    "node_modules/@img/sharp-linux-arm64": {
      "version": "0.33.3",
      "resolved": "https://registry.npmjs.org/@img/sharp-linux-arm64/-/sharp-linux-arm64-0.33.3.tgz",
      "integrity": "sha512-Zf+sF1jHZJKA6Gor9hoYG2ljr4wo9cY4twaxgFDvlG0Xz9V7sinsPp8pFd1XtlhTzYo0IhDbl3rK7P6MzHpnYA==",
      "cpu": [
        "arm64"
      ],
      "dev": true,
      "optional": true,
      "os": [
        "linux"
      ],
      "engines": {
        "glibc": ">=2.26",
        "node": "^18.17.0 || ^20.3.0 || >=21.0.0",
        "npm": ">=9.6.5",
        "pnpm": ">=7.1.0",
        "yarn": ">=3.2.0"
      },
      "funding": {
        "url": "https://opencollective.com/libvips"
      },
      "optionalDependencies": {
        "@img/sharp-libvips-linux-arm64": "1.0.2"
      }
    },
    "node_modules/@img/sharp-linux-s390x": {
      "version": "0.33.3",
      "resolved": "https://registry.npmjs.org/@img/sharp-linux-s390x/-/sharp-linux-s390x-0.33.3.tgz",
      "integrity": "sha512-vFk441DKRFepjhTEH20oBlFrHcLjPfI8B0pMIxGm3+yilKyYeHEVvrZhYFdqIseSclIqbQ3SnZMwEMWonY5XFA==",
      "cpu": [
        "s390x"
      ],
      "dev": true,
      "optional": true,
      "os": [
        "linux"
      ],
      "engines": {
        "glibc": ">=2.28",
        "node": "^18.17.0 || ^20.3.0 || >=21.0.0",
        "npm": ">=9.6.5",
        "pnpm": ">=7.1.0",
        "yarn": ">=3.2.0"
      },
      "funding": {
        "url": "https://opencollective.com/libvips"
      },
      "optionalDependencies": {
        "@img/sharp-libvips-linux-s390x": "1.0.2"
      }
    },
    "node_modules/@img/sharp-linux-x64": {
      "version": "0.33.3",
      "resolved": "https://registry.npmjs.org/@img/sharp-linux-x64/-/sharp-linux-x64-0.33.3.tgz",
      "integrity": "sha512-Q4I++herIJxJi+qmbySd072oDPRkCg/SClLEIDh5IL9h1zjhqjv82H0Seupd+q2m0yOfD+/fJnjSoDFtKiHu2g==",
      "cpu": [
        "x64"
      ],
      "dev": true,
      "optional": true,
      "os": [
        "linux"
      ],
      "engines": {
        "glibc": ">=2.26",
        "node": "^18.17.0 || ^20.3.0 || >=21.0.0",
        "npm": ">=9.6.5",
        "pnpm": ">=7.1.0",
        "yarn": ">=3.2.0"
      },
      "funding": {
        "url": "https://opencollective.com/libvips"
      },
      "optionalDependencies": {
        "@img/sharp-libvips-linux-x64": "1.0.2"
      }
    },
    "node_modules/@img/sharp-linuxmusl-arm64": {
      "version": "0.33.3",
      "resolved": "https://registry.npmjs.org/@img/sharp-linuxmusl-arm64/-/sharp-linuxmusl-arm64-0.33.3.tgz",
      "integrity": "sha512-qnDccehRDXadhM9PM5hLvcPRYqyFCBN31kq+ErBSZtZlsAc1U4Z85xf/RXv1qolkdu+ibw64fUDaRdktxTNP9A==",
      "cpu": [
        "arm64"
      ],
      "dev": true,
      "optional": true,
      "os": [
        "linux"
      ],
      "engines": {
        "musl": ">=1.2.2",
        "node": "^18.17.0 || ^20.3.0 || >=21.0.0",
        "npm": ">=9.6.5",
        "pnpm": ">=7.1.0",
        "yarn": ">=3.2.0"
      },
      "funding": {
        "url": "https://opencollective.com/libvips"
      },
      "optionalDependencies": {
        "@img/sharp-libvips-linuxmusl-arm64": "1.0.2"
      }
    },
    "node_modules/@img/sharp-linuxmusl-x64": {
      "version": "0.33.3",
      "resolved": "https://registry.npmjs.org/@img/sharp-linuxmusl-x64/-/sharp-linuxmusl-x64-0.33.3.tgz",
      "integrity": "sha512-Jhchim8kHWIU/GZ+9poHMWRcefeaxFIs9EBqf9KtcC14Ojk6qua7ghKiPs0sbeLbLj/2IGBtDcxHyjCdYWkk2w==",
      "cpu": [
        "x64"
      ],
      "dev": true,
      "optional": true,
      "os": [
        "linux"
      ],
      "engines": {
        "musl": ">=1.2.2",
        "node": "^18.17.0 || ^20.3.0 || >=21.0.0",
        "npm": ">=9.6.5",
        "pnpm": ">=7.1.0",
        "yarn": ">=3.2.0"
      },
      "funding": {
        "url": "https://opencollective.com/libvips"
      },
      "optionalDependencies": {
        "@img/sharp-libvips-linuxmusl-x64": "1.0.2"
      }
    },
    "node_modules/@img/sharp-wasm32": {
      "version": "0.33.3",
      "resolved": "https://registry.npmjs.org/@img/sharp-wasm32/-/sharp-wasm32-0.33.3.tgz",
      "integrity": "sha512-68zivsdJ0koE96stdUfM+gmyaK/NcoSZK5dV5CAjES0FUXS9lchYt8LAB5rTbM7nlWtxaU/2GON0HVN6/ZYJAQ==",
      "cpu": [
        "wasm32"
      ],
      "dev": true,
      "optional": true,
      "dependencies": {
        "@emnapi/runtime": "^1.1.0"
      },
      "engines": {
        "node": "^18.17.0 || ^20.3.0 || >=21.0.0",
        "npm": ">=9.6.5",
        "pnpm": ">=7.1.0",
        "yarn": ">=3.2.0"
      },
      "funding": {
        "url": "https://opencollective.com/libvips"
      }
    },
    "node_modules/@img/sharp-win32-ia32": {
      "version": "0.33.3",
      "resolved": "https://registry.npmjs.org/@img/sharp-win32-ia32/-/sharp-win32-ia32-0.33.3.tgz",
      "integrity": "sha512-CyimAduT2whQD8ER4Ux7exKrtfoaUiVr7HG0zZvO0XTFn2idUWljjxv58GxNTkFb8/J9Ub9AqITGkJD6ZginxQ==",
      "cpu": [
        "ia32"
      ],
      "dev": true,
      "optional": true,
      "os": [
        "win32"
      ],
      "engines": {
        "node": "^18.17.0 || ^20.3.0 || >=21.0.0",
        "npm": ">=9.6.5",
        "pnpm": ">=7.1.0",
        "yarn": ">=3.2.0"
      },
      "funding": {
        "url": "https://opencollective.com/libvips"
      }
    },
    "node_modules/@img/sharp-win32-x64": {
      "version": "0.33.3",
      "resolved": "https://registry.npmjs.org/@img/sharp-win32-x64/-/sharp-win32-x64-0.33.3.tgz",
      "integrity": "sha512-viT4fUIDKnli3IfOephGnolMzhz5VaTvDRkYqtZxOMIoMQ4MrAziO7pT1nVnOt2FAm7qW5aa+CCc13aEY6Le0g==",
      "cpu": [
        "x64"
      ],
      "dev": true,
      "optional": true,
      "os": [
        "win32"
      ],
      "engines": {
        "node": "^18.17.0 || ^20.3.0 || >=21.0.0",
        "npm": ">=9.6.5",
        "pnpm": ">=7.1.0",
        "yarn": ">=3.2.0"
      },
      "funding": {
        "url": "https://opencollective.com/libvips"
      }
    },
    "node_modules/ansi-sequence-parser": {
      "version": "1.1.1",
      "resolved": "https://registry.npmjs.org/ansi-sequence-parser/-/ansi-sequence-parser-1.1.1.tgz",
      "integrity": "sha512-vJXt3yiaUL4UU546s3rPXlsry/RnM730G1+HkpKE012AN0sx1eOrxSu95oKDIonskeLTijMgqWZ3uDEe3NFvyg==",
      "dev": true
    },
    "node_modules/balanced-match": {
      "version": "1.0.2",
      "resolved": "https://registry.npmjs.org/balanced-match/-/balanced-match-1.0.2.tgz",
      "integrity": "sha512-3oSeUO0TMV67hN1AmbXsK4yaqU7tjiHlbxRDZOpH0KW9+CeX4bRAaX0Anxt0tx2MrpRpWwQaPwIlISEJhYU5Pw==",
      "dev": true
    },
    "node_modules/brace-expansion": {
      "version": "2.0.1",
      "resolved": "https://registry.npmjs.org/brace-expansion/-/brace-expansion-2.0.1.tgz",
      "integrity": "sha512-XnAIvQ8eM+kC6aULx6wuQiwVsnzsi9d3WxzV3FpWTGA19F621kwdbsAcFKXgKUHZWsy+mY6iL1sHTxWEFCytDA==",
      "dev": true,
      "dependencies": {
        "balanced-match": "^1.0.0"
      }
    },
    "node_modules/color": {
      "version": "4.2.3",
      "resolved": "https://registry.npmjs.org/color/-/color-4.2.3.tgz",
      "integrity": "sha512-1rXeuUUiGGrykh+CeBdu5Ie7OJwinCgQY0bc7GCRxy5xVHy+moaqkpL/jqQq0MtQOeYcrqEz4abc5f0KtU7W4A==",
      "dev": true,
      "dependencies": {
        "color-convert": "^2.0.1",
        "color-string": "^1.9.0"
      },
      "engines": {
        "node": ">=12.5.0"
      }
    },
    "node_modules/color-convert": {
      "version": "2.0.1",
      "resolved": "https://registry.npmjs.org/color-convert/-/color-convert-2.0.1.tgz",
      "integrity": "sha512-RRECPsj7iu/xb5oKYcsFHSppFNnsj/52OVTRKb4zP5onXwVF3zVmmToNcOfGC+CRDpfK/U584fMg38ZHCaElKQ==",
      "dev": true,
      "dependencies": {
        "color-name": "~1.1.4"
      },
      "engines": {
        "node": ">=7.0.0"
      }
    },
    "node_modules/color-name": {
      "version": "1.1.4",
      "resolved": "https://registry.npmjs.org/color-name/-/color-name-1.1.4.tgz",
      "integrity": "sha512-dOy+3AuW3a2wNbZHIuMZpTcgjGuLU/uBL/ubcZF9OXbDo8ff4O8yVp5Bf0efS8uEoYo5q4Fx7dY9OgQGXgAsQA==",
      "dev": true
    },
    "node_modules/color-string": {
      "version": "1.9.1",
      "resolved": "https://registry.npmjs.org/color-string/-/color-string-1.9.1.tgz",
      "integrity": "sha512-shrVawQFojnZv6xM40anx4CkoDP+fZsw/ZerEMsW/pyzsRbElpsL/DBVW7q3ExxwusdNXI3lXpuhEZkzs8p5Eg==",
      "dev": true,
      "dependencies": {
        "color-name": "^1.0.0",
        "simple-swizzle": "^0.2.2"
      }
    },
    "node_modules/detect-libc": {
      "version": "2.0.3",
      "resolved": "https://registry.npmjs.org/detect-libc/-/detect-libc-2.0.3.tgz",
      "integrity": "sha512-bwy0MGW55bG41VqxxypOsdSdGqLwXPI/focwgTYCFMbdUiBAxLg9CFzG08sz2aqzknwiX7Hkl0bQENjg8iLByw==",
      "dev": true,
      "engines": {
        "node": ">=8"
      }
    },
    "node_modules/esbuild": {
      "version": "0.21.2",
      "resolved": "https://registry.npmjs.org/esbuild/-/esbuild-0.21.2.tgz",
      "integrity": "sha512-LmHPAa5h4tSxz+g/D8IHY6wCjtIiFx8I7/Q0Aq+NmvtoYvyMnJU0KQJcqB6QH30X9x/W4CemgUtPgQDZFca5SA==",
      "dev": true,
      "hasInstallScript": true,
      "bin": {
        "esbuild": "bin/esbuild"
      },
      "engines": {
        "node": ">=12"
      },
      "optionalDependencies": {
        "@esbuild/aix-ppc64": "0.21.2",
        "@esbuild/android-arm": "0.21.2",
        "@esbuild/android-arm64": "0.21.2",
        "@esbuild/android-x64": "0.21.2",
        "@esbuild/darwin-arm64": "0.21.2",
        "@esbuild/darwin-x64": "0.21.2",
        "@esbuild/freebsd-arm64": "0.21.2",
        "@esbuild/freebsd-x64": "0.21.2",
        "@esbuild/linux-arm": "0.21.2",
        "@esbuild/linux-arm64": "0.21.2",
        "@esbuild/linux-ia32": "0.21.2",
        "@esbuild/linux-loong64": "0.21.2",
        "@esbuild/linux-mips64el": "0.21.2",
        "@esbuild/linux-ppc64": "0.21.2",
        "@esbuild/linux-riscv64": "0.21.2",
        "@esbuild/linux-s390x": "0.21.2",
        "@esbuild/linux-x64": "0.21.2",
        "@esbuild/netbsd-x64": "0.21.2",
        "@esbuild/openbsd-x64": "0.21.2",
        "@esbuild/sunos-x64": "0.21.2",
        "@esbuild/win32-arm64": "0.21.2",
        "@esbuild/win32-ia32": "0.21.2",
        "@esbuild/win32-x64": "0.21.2"
      }
    },
    "node_modules/is-arrayish": {
      "version": "0.3.2",
      "resolved": "https://registry.npmjs.org/is-arrayish/-/is-arrayish-0.3.2.tgz",
      "integrity": "sha512-eVRqCvVlZbuw3GrM63ovNSNAeA1K16kaR/LRY/92w0zxQ5/1YzwblUX652i4Xs9RwAGjW9d9y6X88t8OaAJfWQ==",
      "dev": true
    },
    "node_modules/jsonc-parser": {
      "version": "3.2.1",
      "resolved": "https://registry.npmjs.org/jsonc-parser/-/jsonc-parser-3.2.1.tgz",
      "integrity": "sha512-AilxAyFOAcK5wA1+LeaySVBrHsGQvUFCDWXKpZjzaL0PqW+xfBOttn8GNtWKFWqneyMZj41MWF9Kl6iPWLwgOA==",
      "dev": true
    },
    "node_modules/lunr": {
      "version": "2.3.9",
      "resolved": "https://registry.npmjs.org/lunr/-/lunr-2.3.9.tgz",
      "integrity": "sha512-zTU3DaZaF3Rt9rhN3uBMGQD3dD2/vFQqnvZCDv4dl5iOzq2IZQqTxu90r4E5J+nP70J3ilqVCrbho2eWaeW8Ow==",
      "dev": true
    },
    "node_modules/marked": {
      "version": "4.3.0",
      "resolved": "https://registry.npmjs.org/marked/-/marked-4.3.0.tgz",
      "integrity": "sha512-PRsaiG84bK+AMvxziE/lCFss8juXjNaWzVbN5tXAm4XjeaS9NAHhop+PjQxz2A9h8Q4M/xGmzP8vqNwy6JeK0A==",
      "dev": true,
      "bin": {
        "marked": "bin/marked.js"
      },
      "engines": {
        "node": ">= 12"
      }
    },
    "node_modules/minimatch": {
      "version": "9.0.4",
      "resolved": "https://registry.npmjs.org/minimatch/-/minimatch-9.0.4.tgz",
      "integrity": "sha512-KqWh+VchfxcMNRAJjj2tnsSJdNbHsVgnkBhTNrW7AjVo6OvLtxw8zfT9oLw1JSohlFzJ8jCoTgaoXvJ+kHt6fw==",
      "dev": true,
      "dependencies": {
        "brace-expansion": "^2.0.1"
      },
      "engines": {
        "node": ">=16 || 14 >=14.17"
      },
      "funding": {
        "url": "https://github.com/sponsors/isaacs"
      }
    },
    "node_modules/prettier": {
      "version": "3.2.5",
      "resolved": "https://registry.npmjs.org/prettier/-/prettier-3.2.5.tgz",
      "integrity": "sha512-3/GWa9aOC0YeD7LUfvOG2NiDyhOWRvt1k+rcKhOuYnMY24iiCphgneUfJDyFXd6rZCAnuLBv6UeAULtrhT/F4A==",
      "dev": true,
      "bin": {
        "prettier": "bin/prettier.cjs"
      },
      "engines": {
        "node": ">=14"
      },
      "funding": {
        "url": "https://github.com/prettier/prettier?sponsor=1"
      }
    },
    "node_modules/semver": {
      "version": "7.6.2",
      "resolved": "https://registry.npmjs.org/semver/-/semver-7.6.2.tgz",
      "integrity": "sha512-FNAIBWCx9qcRhoHcgcJ0gvU7SN1lYU2ZXuSfl04bSC5OpvDHFyJCjdNHomPXxjQlCBU67YW64PzY7/VIEH7F2w==",
      "dev": true,
      "bin": {
        "semver": "bin/semver.js"
      },
      "engines": {
        "node": ">=10"
      }
    },
    "node_modules/sharp": {
      "version": "0.33.3",
      "resolved": "https://registry.npmjs.org/sharp/-/sharp-0.33.3.tgz",
      "integrity": "sha512-vHUeXJU1UvlO/BNwTpT0x/r53WkLUVxrmb5JTgW92fdFCFk0ispLMAeu/jPO2vjkXM1fYUi3K7/qcLF47pwM1A==",
      "dev": true,
      "hasInstallScript": true,
      "dependencies": {
        "color": "^4.2.3",
        "detect-libc": "^2.0.3",
        "semver": "^7.6.0"
      },
      "engines": {
        "libvips": ">=8.15.2",
        "node": "^18.17.0 || ^20.3.0 || >=21.0.0"
      },
      "funding": {
        "url": "https://opencollective.com/libvips"
      },
      "optionalDependencies": {
        "@img/sharp-darwin-arm64": "0.33.3",
        "@img/sharp-darwin-x64": "0.33.3",
        "@img/sharp-libvips-darwin-arm64": "1.0.2",
        "@img/sharp-libvips-darwin-x64": "1.0.2",
        "@img/sharp-libvips-linux-arm": "1.0.2",
        "@img/sharp-libvips-linux-arm64": "1.0.2",
        "@img/sharp-libvips-linux-s390x": "1.0.2",
        "@img/sharp-libvips-linux-x64": "1.0.2",
        "@img/sharp-libvips-linuxmusl-arm64": "1.0.2",
        "@img/sharp-libvips-linuxmusl-x64": "1.0.2",
        "@img/sharp-linux-arm": "0.33.3",
        "@img/sharp-linux-arm64": "0.33.3",
        "@img/sharp-linux-s390x": "0.33.3",
        "@img/sharp-linux-x64": "0.33.3",
        "@img/sharp-linuxmusl-arm64": "0.33.3",
        "@img/sharp-linuxmusl-x64": "0.33.3",
        "@img/sharp-wasm32": "0.33.3",
        "@img/sharp-win32-ia32": "0.33.3",
        "@img/sharp-win32-x64": "0.33.3"
      }
    },
    "node_modules/shiki": {
      "version": "0.14.7",
      "resolved": "https://registry.npmjs.org/shiki/-/shiki-0.14.7.tgz",
      "integrity": "sha512-dNPAPrxSc87ua2sKJ3H5dQ/6ZaY8RNnaAqK+t0eG7p0Soi2ydiqbGOTaZCqaYvA/uZYfS1LJnemt3Q+mSfcPCg==",
      "dev": true,
      "dependencies": {
        "ansi-sequence-parser": "^1.1.0",
        "jsonc-parser": "^3.2.0",
        "vscode-oniguruma": "^1.7.0",
        "vscode-textmate": "^8.0.0"
      }
    },
    "node_modules/simple-swizzle": {
      "version": "0.2.2",
      "resolved": "https://registry.npmjs.org/simple-swizzle/-/simple-swizzle-0.2.2.tgz",
      "integrity": "sha512-JA//kQgZtbuY83m+xT+tXJkmJncGMTFT+C+g2h2R9uxkYIrE2yy9sgmcLhCnw57/WSD+Eh3J97FPEDFnbXnDUg==",
      "dev": true,
      "dependencies": {
        "is-arrayish": "^0.3.1"
      }
    },
    "node_modules/tslib": {
      "version": "2.6.2",
      "resolved": "https://registry.npmjs.org/tslib/-/tslib-2.6.2.tgz",
      "integrity": "sha512-AEYxH93jGFPn/a2iVAwW87VuUIkR1FVUKB77NwMF7nBTDkDrrT/Hpt/IrCJ0QXhW27jTBDcf5ZY7w6RiqTMw2Q==",
      "dev": true,
      "optional": true
    },
    "node_modules/typedoc": {
      "version": "0.25.13",
      "resolved": "https://registry.npmjs.org/typedoc/-/typedoc-0.25.13.tgz",
      "integrity": "sha512-pQqiwiJ+Z4pigfOnnysObszLiU3mVLWAExSPf+Mu06G/qsc3wzbuM56SZQvONhHLncLUhYzOVkjFFpFfL5AzhQ==",
      "dev": true,
      "dependencies": {
        "lunr": "^2.3.9",
        "marked": "^4.3.0",
        "minimatch": "^9.0.3",
        "shiki": "^0.14.7"
      },
      "bin": {
        "typedoc": "bin/typedoc"
      },
      "engines": {
        "node": ">= 16"
      },
      "peerDependencies": {
        "typescript": "4.6.x || 4.7.x || 4.8.x || 4.9.x || 5.0.x || 5.1.x || 5.2.x || 5.3.x || 5.4.x"
      }
    },
    "node_modules/typescript": {
      "version": "5.4.5",
      "resolved": "https://registry.npmjs.org/typescript/-/typescript-5.4.5.tgz",
      "integrity": "sha512-vcI4UpRgg81oIRUFwR0WSIHKt11nJ7SAVlYNIu+QpqeyXP+gpQJy/Z4+F0aGxSE4MqwjyXvW/TzgkLAx2AGHwQ==",
      "dev": true,
      "bin": {
        "tsc": "bin/tsc",
        "tsserver": "bin/tsserver"
      },
      "engines": {
        "node": ">=14.17"
      }
    },
    "node_modules/vscode-oniguruma": {
      "version": "1.7.0",
      "resolved": "https://registry.npmjs.org/vscode-oniguruma/-/vscode-oniguruma-1.7.0.tgz",
      "integrity": "sha512-L9WMGRfrjOhgHSdOYgCt/yRMsXzLDJSL7BPrOZt73gU0iWO4mpqzqQzOz5srxqTvMBaR0XZTSrVWo4j55Rc6cA==",
      "dev": true
    },
    "node_modules/vscode-textmate": {
      "version": "8.0.0",
      "resolved": "https://registry.npmjs.org/vscode-textmate/-/vscode-textmate-8.0.0.tgz",
      "integrity": "sha512-AFbieoL7a5LMqcnOF04ji+rpXadgOXnZsxQr//r83kLPr7biP7am3g9zbaZIaBGwBRWeSvoMD4mgPdX3e4NWBg==",
      "dev": true
    }
  }
}
